
Microsoft Visual Studio Solution File, Format Version 12.00
# Visual Studio Version 17
VisualStudioVersion = 17.5.33530.505
MinimumVisualStudioVersion = 10.0.40219.1
Project("{8BC9CEB8-8B4A-11D0-8D11-00A0C91BC942}") = "FY", "FY.vcxproj", "{454DF06A-7A6D-41B0-9FB1-76197716E2DF}"
EndProject
Global
	GlobalSection(SolutionConfigurationPlatforms) = preSolution
		Debug|x64 = Debug|x64
		Debug|x86 = Debug|x86
		Release|x64 = Release|x64
		Release|x86 = Release|x86
	EndGlobalSection
	GlobalSection(ProjectConfigurationPlatforms) = postSolution
		{454DF06A-7A6D-41B0-9FB1-76197716E2DF}.Debug|x64.ActiveCfg = Debug|x64
		{454DF06A-7A6D-41B0-9FB1-76197716E2DF}.Debug|x64.Build.0 = Debug|x64
		{454DF06A-7A6D-41B0-9FB1-76197716E2DF}.Debug|x86.ActiveCfg = Debug|Win32
		{454DF06A-7A6D-41B0-9FB1-76197716E2DF}.Debug|x86.Build.0 = Debug|Win32
		{454DF06A-7A6D-41B0-9FB1-76197716E2DF}.Release|x64.ActiveCfg = Release|x64
		{454DF06A-7A6D-41B0-9FB1-76197716E2DF}.Release|x64.Build.0 = Release|x64
		{454DF06A-7A6D-41B0-9FB1-76197716E2DF}.Release|x86.ActiveCfg = Release|Win32
		{454DF06A-7A6D-41B0-9FB1-76197716E2DF}.Release|x86.Build.0 = Release|Win32
	EndGlobalSection
	GlobalSection(SolutionProperties) = preSolution
		HideSolutionNode = FALSE
	EndGlobalSection
	GlobalSection(ExtensibilityGlobals) = postSolution
		SolutionGuid = {833431B6-0140-4675-915A-813ACBE0C5D7}
	EndGlobalSection
EndGlobal
